{
  "name": "polymer-starter-kit",
  "requires": true,
  "lockfileVersion": 1,
  "dependencies": {
    "eslint-plugin-chai-expect": {
      "version": "1.1.1",
      "resolved": "https://registry.npmjs.org/eslint-plugin-chai-expect/-/eslint-plugin-chai-expect-1.1.1.tgz",
      "integrity": "sha1-zWQLizjPbDq8w3hnO3sXO5ndxwo=",
      "dev": true
    }
  }
}
